# This file is automatically @generated by Cargo.
# It is not intended for manual editing.
version = 4

[[package]]
name = "actions"
version = "0.1.0"
dependencies = [
 "ipc",
]

[[package]]
name = "agent"
version = "0.1.0"
dependencies = [
 "actions",
 "ipc",
 "providers",
]

[[package]]
name = "cli"
version = "0.1.0"
dependencies = [
 "agent",
 "ipc",
]

[[package]]
name = "ipc"
version = "0.1.0"

[[package]]
name = "providers"
version = "0.1.0"
dependencies = [
 "ipc",
]
